// !$*UTF8*$!
{
	archiveVersion = 1;
	classes = {
	};
	objectVersion = 56;
	objects = {

/* Begin PBXBuildFile section */
		2A4D302D2CDBD46800647FC4 /* AnimationDemo.swift in Sources */ = {isa = PBXBuildFile; fileRef = 2A4D302C2CDBD46800647FC4 /* AnimationDemo.swift */; };
		D30ABC452BDD64EB000B0644 /* BuiltInViews.swift in Sources */ = {isa = PBXBuildFile; fileRef = D30ABC442BDD64EB000B0644 /* BuiltInViews.swift */; };
		D30ABC482BDD667C000B0644 /* Jersey25-Regular.ttf in Resources */ = {isa = PBXBuildFile; fileRef = D30ABC472BDD667C000B0644 /* Jersey25-Regular.ttf */; };
		D346747E2BD2CCE200D967E2 /* SwiftUI_BasicsApp.swift in Sources */ = {isa = PBXBuildFile; fileRef = D346747D2BD2CCE200D967E2 /* SwiftUI_BasicsApp.swift */; };
		D34674802BD2CCE200D967E2 /* ContentView.swift in Sources */ = {isa = PBXBuildFile; fileRef = D346747F2BD2CCE200D967E2 /* ContentView.swift */; };
		D34674822BD2CCE400D967E2 /* Assets.xcassets in Resources */ = {isa = PBXBuildFile; fileRef = D34674812BD2CCE400D967E2 /* Assets.xcassets */; };
		D34674852BD2CCE400D967E2 /* Preview Assets.xcassets in Resources */ = {isa = PBXBuildFile; fileRef = D34674842BD2CCE400D967E2 /* Preview Assets.xcassets */; };
		D346748F2BD5214D00D967E2 /* StacksView.swift in Sources */ = {isa = PBXBuildFile; fileRef = D346748E2BD5214D00D967E2 /* StacksView.swift */; };
		D3B3F3B12BEA99ED00C016E7 /* LoginView.swift in Sources */ = {isa = PBXBuildFile; fileRef = D3B3F3B02BEA99ED00C016E7 /* LoginView.swift */; };
		D3B3F3B52BEA9E7F00C016E7 /* HomeView.swift in Sources */ = {isa = PBXBuildFile; fileRef = D3B3F3B42BEA9E7F00C016E7 /* HomeView.swift */; };
		D3B3F3B82BEA9ED400C016E7 /* User.swift in Sources */ = {isa = PBXBuildFile; fileRef = D3B3F3B72BEA9ED400C016E7 /* User.swift */; };
/* End PBXBuildFile section */

/* Begin PBXFileReference section */
		2A4D302C2CDBD46800647FC4 /* AnimationDemo.swift */ = {isa = PBXFileReference; lastKnownFileType = sourcecode.swift; path = AnimationDemo.swift; sourceTree = "<group>"; };
		D30ABC442BDD64EB000B0644 /* BuiltInViews.swift */ = {isa = PBXFileReference; lastKnownFileType = sourcecode.swift; path = BuiltInViews.swift; sourceTree = "<group>"; };
		D30ABC472BDD667C000B0644 /* Jersey25-Regular.ttf */ = {isa = PBXFileReference; lastKnownFileType = file; path = "Jersey25-Regular.ttf"; sourceTree = "<group>"; };
		D30ABC492BDD669D000B0644 /* Info.plist */ = {isa = PBXFileReference; lastKnownFileType = text.plist; path = Info.plist; sourceTree = "<group>"; };
		D346747A2BD2CCE200D967E2 /* SwiftUI-Basics.app */ = {isa = PBXFileReference; explicitFileType = wrapper.application; includeInIndex = 0; path = "SwiftUI-Basics.app"; sourceTree = BUILT_PRODUCTS_DIR; };
		D346747D2BD2CCE200D967E2 /* SwiftUI_BasicsApp.swift */ = {isa = PBXFileReference; lastKnownFileType = sourcecode.swift; path = SwiftUI_BasicsApp.swift; sourceTree = "<group>"; };
		D346747F2BD2CCE200D967E2 /* ContentView.swift */ = {isa = PBXFileReference; lastKnownFileType = sourcecode.swift; path = ContentView.swift; sourceTree = "<group>"; };
		D34674812BD2CCE400D967E2 /* Assets.xcassets */ = {isa = PBXFileReference; lastKnownFileType = folder.assetcatalog; path = Assets.xcassets; sourceTree = "<group>"; };
		D34674842BD2CCE400D967E2 /* Preview Assets.xcassets */ = {isa = PBXFileReference; lastKnownFileType = folder.assetcatalog; path = "Preview Assets.xcassets"; sourceTree = "<group>"; };
		D346748E2BD5214D00D967E2 /* StacksView.swift */ = {isa = PBXFileReference; lastKnownFileType = sourcecode.swift; path = StacksView.swift; sourceTree = "<group>"; };
		D3B3F3B02BEA99ED00C016E7 /* LoginView.swift */ = {isa = PBXFileReference; lastKnownFileType = sourcecode.swift; path = LoginView.swift; sourceTree = "<group>"; };
		D3B3F3B42BEA9E7F00C016E7 /* HomeView.swift */ = {isa = PBXFileReference; lastKnownFileType = sourcecode.swift; path = HomeView.swift; sourceTree = "<group>"; };
		D3B3F3B72BEA9ED400C016E7 /* User.swift */ = {isa = PBXFileReference; lastKnownFileType = sourcecode.swift; path = User.swift; sourceTree = "<group>"; };
/* End PBXFileReference section */

/* Begin PBXFrameworksBuildPhase section */
		D34674772BD2CCE200D967E2 /* Frameworks */ = {
			isa = PBXFrameworksBuildPhase;
			buildActionMask = 2147483647;
			files = (
			);
			runOnlyForDeploymentPostprocessing = 0;
		};
/* End PBXFrameworksBuildPhase section */

/* Begin PBXGroup section */
		2A4D302B2CDBD44500647FC4 /* Animation */ = {
			isa = PBXGroup;
			children = (
				2A4D302C2CDBD46800647FC4 /* AnimationDemo.swift */,
			);
			path = Animation;
			sourceTree = "<group>";
		};
		D30ABC462BDD6658000B0644 /* Resources */ = {
			isa = PBXGroup;
			children = (
				D30ABC472BDD667C000B0644 /* Jersey25-Regular.ttf */,
				D34674812BD2CCE400D967E2 /* Assets.xcassets */,
			);
			path = Resources;
			sourceTree = "<group>";
		};
		D34674712BD2CCE200D967E2 = {
			isa = PBXGroup;
			children = (
				D346747C2BD2CCE200D967E2 /* SwiftUI-Basics */,
				D346747B2BD2CCE200D967E2 /* Products */,
			);
			sourceTree = "<group>";
		};
		D346747B2BD2CCE200D967E2 /* Products */ = {
			isa = PBXGroup;
			children = (
				D346747A2BD2CCE200D967E2 /* SwiftUI-Basics.app */,
			);
			name = Products;
			sourceTree = "<group>";
		};
		D346747C2BD2CCE200D967E2 /* SwiftUI-Basics */ = {
			isa = PBXGroup;
			children = (
				D30ABC492BDD669D000B0644 /* Info.plist */,
				D3B3F3B62BEA9EB600C016E7 /* Model */,
				D34674902BD5215800D967E2 /* Topics */,
				D346747D2BD2CCE200D967E2 /* SwiftUI_BasicsApp.swift */,
				D346747F2BD2CCE200D967E2 /* ContentView.swift */,
				D30ABC462BDD6658000B0644 /* Resources */,
				D34674832BD2CCE400D967E2 /* Preview Content */,
			);
			path = "SwiftUI-Basics";
			sourceTree = "<group>";
		};
		D34674832BD2CCE400D967E2 /* Preview Content */ = {
			isa = PBXGroup;
			children = (
				D34674842BD2CCE400D967E2 /* Preview Assets.xcassets */,
			);
			path = "Preview Content";
			sourceTree = "<group>";
		};
		D34674902BD5215800D967E2 /* Topics */ = {
			isa = PBXGroup;
			children = (
				D346748E2BD5214D00D967E2 /* StacksView.swift */,
				D30ABC442BDD64EB000B0644 /* BuiltInViews.swift */,
				D3B3F3AF2BEA99D600C016E7 /* PropertyWrappers */,
				2A4D302B2CDBD44500647FC4 /* Animation */,
			);
			path = Topics;
			sourceTree = "<group>";
		};
		D3B3F3AF2BEA99D600C016E7 /* PropertyWrappers */ = {
			isa = PBXGroup;
			children = (
				D3B3F3B02BEA99ED00C016E7 /* LoginView.swift */,
				D3B3F3B42BEA9E7F00C016E7 /* HomeView.swift */,
			);
			path = PropertyWrappers;
			sourceTree = "<group>";
		};
		D3B3F3B62BEA9EB600C016E7 /* Model */ = {
			isa = PBXGroup;
			children = (
				D3B3F3B72BEA9ED400C016E7 /* User.swift */,
			);
			path = Model;
			sourceTree = "<group>";
		};
/* End PBXGroup section */

/* Begin PBXNativeTarget section */
		D34674792BD2CCE200D967E2 /* SwiftUI-Basics */ = {
			isa = PBXNativeTarget;
			buildConfigurationList = D34674882BD2CCE400D967E2 /* Build configuration list for PBXNativeTarget "SwiftUI-Basics" */;
			buildPhases = (
				D34674762BD2CCE200D967E2 /* Sources */,
				D34674772BD2CCE200D967E2 /* Frameworks */,
				D34674782BD2CCE200D967E2 /* Resources */,
			);
			buildRules = (
			);
			dependencies = (
			);
			name = "SwiftUI-Basics";
			productName = "SwiftUI-Basics";
			productReference = D346747A2BD2CCE200D967E2 /* SwiftUI-Basics.app */;
			productType = "com.apple.product-type.application";
		};
/* End PBXNativeTarget section */

/* Begin PBXProject section */
		D34674722BD2CCE200D967E2 /* Project object */ = {
			isa = PBXProject;
			attributes = {
				BuildIndependentTargetsInParallel = 1;
				LastSwiftUpdateCheck = 1500;
				LastUpgradeCheck = 1500;
				TargetAttributes = {
					D34674792BD2CCE200D967E2 = {
						CreatedOnToolsVersion = 15.0;
					};
				};
			};
			buildConfigurationList = D34674752BD2CCE200D967E2 /* Build configuration list for PBXProject "SwiftUI-Basics" */;
			compatibilityVersion = "Xcode 14.0";
			developmentRegion = en;
			hasScannedForEncodings = 0;
			knownRegions = (
				en,
				Base,
			);
			mainGroup = D34674712BD2CCE200D967E2;
			productRefGroup = D346747B2BD2CCE200D967E2 /* Products */;
			projectDirPath = "";
			projectRoot = "";
			targets = (
				D34674792BD2CCE200D967E2 /* SwiftUI-Basics */,
			);
		};
/* End PBXProject section */

/* Begin PBXResourcesBuildPhase section */
		D34674782BD2CCE200D967E2 /* Resources */ = {
			isa = PBXResourcesBuildPhase;
			buildActionMask = 2147483647;
			files = (
				D30ABC482BDD667C000B0644 /* Jersey25-Regular.ttf in Resources */,
				D34674852BD2CCE400D967E2 /* Preview Assets.xcassets in Resources */,
				D34674822BD2CCE400D967E2 /* Assets.xcassets in Resources */,
			);
			runOnlyForDeploymentPostprocessing = 0;
		};
/* End PBXResourcesBuildPhase section */

/* Begin PBXSourcesBuildPhase section */
		D34674762BD2CCE200D967E2 /* Sources */ = {
			isa = PBXSourcesBuildPhase;
			buildActionMask = 2147483647;
			files = (
				D34674802BD2CCE200D967E2 /* ContentView.swift in Sources */,
				D346748F2BD5214D00D967E2 /* StacksView.swift in Sources */,
				D30ABC452BDD64EB000B0644 /* BuiltInViews.swift in Sources */,
				2A4D302D2CDBD46800647FC4 /* AnimationDemo.swift in Sources */,
				D3B3F3B52BEA9E7F00C016E7 /* HomeView.swift in Sources */,
				D3B3F3B12BEA99ED00C016E7 /* LoginView.swift in Sources */,
				D346747E2BD2CCE200D967E2 /* SwiftUI_BasicsApp.swift in Sources */,
				D3B3F3B82BEA9ED400C016E7 /* User.swift in Sources */,
			);
			runOnlyForDeploymentPostprocessing = 0;
		};
/* End PBXSourcesBuildPhase section */

/* Begin XCBuildConfiguration section */
		D34674862BD2CCE400D967E2 /* Debug */ = {
			isa = XCBuildConfiguration;
			buildSettings = {
				ALWAYS_SEARCH_USER_PATHS = NO;
				ASSETCATALOG_COMPILER_GENERATE_SWIFT_ASSET_SYMBOL_EXTENSIONS = YES;
				CLANG_ANALYZER_NONNULL = YES;
				CLANG_ANALYZER_NUMBER_OBJECT_CONVERSION = YES_AGGRESSIVE;
				CLANG_CXX_LANGUAGE_STANDARD = "gnu++20";
				CLANG_ENABLE_MODULES = YES;
				CLANG_ENABLE_OBJC_ARC = YES;
				CLANG_ENABLE_OBJC_WEAK = YES;
				CLANG_WARN_BLOCK_CAPTURE_AUTORELEASING = YES;
				CLANG_WARN_BOOL_CONVERSION = YES;
				CLANG_WARN_COMMA = YES;
				CLANG_WARN_CONSTANT_CONVERSION = YES;
				CLANG_WARN_DEPRECATED_OBJC_IMPLEMENTATIONS = YES;
				CLANG_WARN_DIRECT_OBJC_ISA_USAGE = YES_ERROR;
				CLANG_WARN_DOCUMENTATION_COMMENTS = YES;
				CLANG_WARN_EMPTY_BODY = YES;
				CLANG_WARN_ENUM_CONVERSION = YES;
				CLANG_WARN_INFINITE_RECURSION = YES;
				CLANG_WARN_INT_CONVERSION = YES;
				CLANG_WARN_NON_LITERAL_NULL_CONVERSION = YES;
				CLANG_WARN_OBJC_IMPLICIT_RETAIN_SELF = YES;
				CLANG_WARN_OBJC_LITERAL_CONVERSION = YES;
				CLANG_WARN_OBJC_ROOT_CLASS = YES_ERROR;
				CLANG_WARN_QUOTED_INCLUDE_IN_FRAMEWORK_HEADER = YES;
				CLANG_WARN_RANGE_LOOP_ANALYSIS = YES;
				CLANG_WARN_STRICT_PROTOTYPES = YES;
				CLANG_WARN_SUSPICIOUS_MOVE = YES;
				CLANG_WARN_UNGUARDED_AVAILABILITY = YES_AGGRESSIVE;
				CLANG_WARN_UNREACHABLE_CODE = YES;
				CLANG_WARN__DUPLICATE_METHOD_MATCH = YES;
				COPY_PHASE_STRIP = NO;
				DEBUG_INFORMATION_FORMAT = dwarf;
				ENABLE_STRICT_OBJC_MSGSEND = YES;
				ENABLE_TESTABILITY = YES;
				ENABLE_USER_SCRIPT_SANDBOXING = YES;
				GCC_C_LANGUAGE_STANDARD = gnu17;
				GCC_DYNAMIC_NO_PIC = NO;
				GCC_NO_COMMON_BLOCKS = YES;
				GCC_OPTIMIZATION_LEVEL = 0;
				GCC_PREPROCESSOR_DEFINITIONS = (
					"DEBUG=1",
					"$(inherited)",
				);
				GCC_WARN_64_TO_32_BIT_CONVERSION = YES;
				GCC_WARN_ABOUT_RETURN_TYPE = YES_ERROR;
				GCC_WARN_UNDECLARED_SELECTOR = YES;
				GCC_WARN_UNINITIALIZED_AUTOS = YES_AGGRESSIVE;
				GCC_WARN_UNUSED_FUNCTION = YES;
				GCC_WARN_UNUSED_VARIABLE = YES;
				IPHONEOS_DEPLOYMENT_TARGET = 17.0;
				LOCALIZATION_PREFERS_STRING_CATALOGS = YES;
				MTL_ENABLE_DEBUG_INFO = INCLUDE_SOURCE;
				MTL_FAST_MATH = YES;
				ONLY_ACTIVE_ARCH = YES;
				SDKROOT = iphoneos;
				SWIFT_ACTIVE_COMPILATION_CONDITIONS = "DEBUG $(inherited)";
				SWIFT_OPTIMIZATION_LEVEL = "-Onone";
			};
			name = Debug;
		};
		D34674872BD2CCE400D967E2 /* Release */ = {
			isa = XCBuildConfiguration;
			buildSettings = {
				ALWAYS_SEARCH_USER_PATHS = NO;
				ASSETCATALOG_COMPILER_GENERATE_SWIFT_ASSET_SYMBOL_EXTENSIONS = YES;
				CLANG_ANALYZER_NONNULL = YES;
				CLANG_ANALYZER_NUMBER_OBJECT_CONVERSION = YES_AGGRESSIVE;
				CLANG_CXX_LANGUAGE_STANDARD = "gnu++20";
				CLANG_ENABLE_MODULES = YES;
				CLANG_ENABLE_OBJC_ARC = YES;
				CLANG_ENABLE_OBJC_WEAK = YES;
				CLANG_WARN_BLOCK_CAPTURE_AUTORELEASING = YES;
				CLANG_WARN_BOOL_CONVERSION = YES;
				CLANG_WARN_COMMA = YES;
				CLANG_WARN_CONSTANT_CONVERSION = YES;
				CLANG_WARN_DEPRECATED_OBJC_IMPLEMENTATIONS = YES;
				CLANG_WARN_DIRECT_OBJC_ISA_USAGE = YES_ERROR;
				CLANG_WARN_DOCUMENTATION_COMMENTS = YES;
				CLANG_WARN_EMPTY_BODY = YES;
				CLANG_WARN_ENUM_CONVERSION = YES;
				CLANG_WARN_INFINITE_RECURSION = YES;
				CLANG_WARN_INT_CONVERSION = YES;
				CLANG_WARN_NON_LITERAL_NULL_CONVERSION = YES;
				CLANG_WARN_OBJC_IMPLICIT_RETAIN_SELF = YES;
				CLANG_WARN_OBJC_LITERAL_CONVERSION = YES;
				CLANG_WARN_OBJC_ROOT_CLASS = YES_ERROR;
				CLANG_WARN_QUOTED_INCLUDE_IN_FRAMEWORK_HEADER = YES;
				CLANG_WARN_RANGE_LOOP_ANALYSIS = YES;
				CLANG_WARN_STRICT_PROTOTYPES = YES;
				CLANG_WARN_SUSPICIOUS_MOVE = YES;
				CLANG_WARN_UNGUARDED_AVAILABILITY = YES_AGGRESSIVE;
				CLANG_WARN_UNREACHABLE_CODE = YES;
				CLANG_WARN__DUPLICATE_METHOD_MATCH = YES;
				COPY_PHASE_STRIP = NO;
				DEBUG_INFORMATION_FORMAT = "dwarf-with-dsym";
				ENABLE_NS_ASSERTIONS = NO;
				ENABLE_STRICT_OBJC_MSGSEND = YES;
				ENABLE_USER_SCRIPT_SANDBOXING = YES;
				GCC_C_LANGUAGE_STANDARD = gnu17;
				GCC_NO_COMMON_BLOCKS = YES;
				GCC_WARN_64_TO_32_BIT_CONVERSION = YES;
				GCC_WARN_ABOUT_RETURN_TYPE = YES_ERROR;
				GCC_WARN_UNDECLARED_SELECTOR = YES;
				GCC_WARN_UNINITIALIZED_AUTOS = YES_AGGRESSIVE;
				GCC_WARN_UNUSED_FUNCTION = YES;
				GCC_WARN_UNUSED_VARIABLE = YES;
				IPHONEOS_DEPLOYMENT_TARGET = 17.0;
				LOCALIZATION_PREFERS_STRING_CATALOGS = YES;
				MTL_ENABLE_DEBUG_INFO = NO;
				MTL_FAST_MATH = YES;
				SDKROOT = iphoneos;
				SWIFT_COMPILATION_MODE = wholemodule;
				VALIDATE_PRODUCT = YES;
			};
			name = Release;
		};
		D34674892BD2CCE400D967E2 /* Debug */ = {
			isa = XCBuildConfiguration;
			buildSettings = {
				ASSETCATALOG_COMPILER_APPICON_NAME = AppIcon;
				ASSETCATALOG_COMPILER_GLOBAL_ACCENT_COLOR_NAME = AccentColor;
				CODE_SIGN_STYLE = Automatic;
				CURRENT_PROJECT_VERSION = 1;
				DEVELOPMENT_ASSET_PATHS = "\"SwiftUI-Basics/Preview Content\"";
				DEVELOPMENT_TEAM = H5N428TQC2;
				ENABLE_PREVIEWS = YES;
				GENERATE_INFOPLIST_FILE = YES;
				INFOPLIST_FILE = "SwiftUI-Basics/Info.plist";
				INFOPLIST_KEY_LSApplicationCategoryType = "public.app-category.education";
				INFOPLIST_KEY_UIApplicationSceneManifest_Generation = YES;
				INFOPLIST_KEY_UIApplicationSupportsIndirectInputEvents = YES;
				INFOPLIST_KEY_UILaunchScreen_Generation = YES;
				INFOPLIST_KEY_UISupportedInterfaceOrientations_iPad = "UIInterfaceOrientationPortrait UIInterfaceOrientationPortraitUpsideDown UIInterfaceOrientationLandscapeLeft UIInterfaceOrientationLandscapeRight";
				INFOPLIST_KEY_UISupportedInterfaceOrientations_iPhone = "UIInterfaceOrientationPortrait UIInterfaceOrientationLandscapeLeft UIInterfaceOrientationLandscapeRight";
				LD_RUNPATH_SEARCH_PATHS = (
					"$(inherited)",
					"@executable_path/Frameworks",
				);
				MARKETING_VERSION = 1.0;
				PRODUCT_BUNDLE_IDENTIFIER = "vapps.SwiftUI-Basics";
				PRODUCT_NAME = "$(TARGET_NAME)";
				SWIFT_EMIT_LOC_STRINGS = YES;
				SWIFT_VERSION = 5.0;
				TARGETED_DEVICE_FAMILY = "1,2";
			};
			name = Debug;
		};
		D346748A2BD2CCE400D967E2 /* Release */ = {
			isa = XCBuildConfiguration;
			buildSettings = {
				ASSETCATALOG_COMPILER_APPICON_NAME = AppIcon;
				ASSETCATALOG_COMPILER_GLOBAL_ACCENT_COLOR_NAME = AccentColor;
				CODE_SIGN_STYLE = Automatic;
				CURRENT_PROJECT_VERSION = 1;
				DEVELOPMENT_ASSET_PATHS = "\"SwiftUI-Basics/Preview Content\"";
				DEVELOPMENT_TEAM = H5N428TQC2;
				ENABLE_PREVIEWS = YES;
				GENERATE_INFOPLIST_FILE = YES;
				INFOPLIST_FILE = "SwiftUI-Basics/Info.plist";
				INFOPLIST_KEY_LSApplicationCategoryType = "public.app-category.education";
				INFOPLIST_KEY_UIApplicationSceneManifest_Generation = YES;
				INFOPLIST_KEY_UIApplicationSupportsIndirectInputEvents = YES;
				INFOPLIST_KEY_UILaunchScreen_Generation = YES;
				INFOPLIST_KEY_UISupportedInterfaceOrientations_iPad = "UIInterfaceOrientationPortrait UIInterfaceOrientationPortraitUpsideDown UIInterfaceOrientationLandscapeLeft UIInterfaceOrientationLandscapeRight";
				INFOPLIST_KEY_UISupportedInterfaceOrientations_iPhone = "UIInterfaceOrientationPortrait UIInterfaceOrientationLandscapeLeft UIInterfaceOrientationLandscapeRight";
				LD_RUNPATH_SEARCH_PATHS = (
					"$(inherited)",
					"@executable_path/Frameworks",
				);
				MARKETING_VERSION = 1.0;
				PRODUCT_BUNDLE_IDENTIFIER = "vapps.SwiftUI-Basics";
				PRODUCT_NAME = "$(TARGET_NAME)";
				SWIFT_EMIT_LOC_STRINGS = YES;
				SWIFT_VERSION = 5.0;
				TARGETED_DEVICE_FAMILY = "1,2";
			};
			name = Release;
		};
/* End XCBuildConfiguration section */

/* Begin XCConfigurationList section */
		D34674752BD2CCE200D967E2 /* Build configuration list for PBXProject "SwiftUI-Basics" */ = {
			isa = XCConfigurationList;
			buildConfigurations = (
				D34674862BD2CCE400D967E2 /* Debug */,
				D34674872BD2CCE400D967E2 /* Release */,
			);
			defaultConfigurationIsVisible = 0;
			defaultConfigurationName = Release;
		};
		D34674882BD2CCE400D967E2 /* Build configuration list for PBXNativeTarget "SwiftUI-Basics" */ = {
			isa = XCConfigurationList;
			buildConfigurations = (
				D34674892BD2CCE400D967E2 /* Debug */,
				D346748A2BD2CCE400D967E2 /* Release */,
			);
			defaultConfigurationIsVisible = 0;
			defaultConfigurationName = Release;
		};
/* End XCConfigurationList section */
	};
	rootObject = D34674722BD2CCE200D967E2 /* Project object */;
}
